schema: '2.0'
stages:
  preprocess_box:
    cmd: python src/data/remove_background.py --input data/raw_box --output 
      data/processed_box
    deps:
    - path: data/raw_box
      hash: md5
      md5: 5c2f37131c62d867a41e7e791d5674f5.dir
      size: 1478856
      nfiles: 26
    - path: src/data/remove_background.py
      hash: md5
      md5: 8b96c4610784a982273f4b16436a73d9
      size: 3749
    outs:
    - path: data/processed_box
      hash: md5
      md5: 4fa2783fd2e8e0199b30eec81d38890a.dir
      size: 3807250
      nfiles: 26
  split_box:
    cmd: python src/data/split_data.py --input data/processed_box --output 
      data/dataset_split_box
    deps:
    - path: data/processed_box
      hash: md5
      md5: 4fa2783fd2e8e0199b30eec81d38890a.dir
      size: 3807250
      nfiles: 26
    - path: src/data/split_data.py
      hash: md5
      md5: 028308f6ef18eb9f907c165ea0303708
      size: 2863
    params:
      params.yaml:
        split:
          val_ratio: 0.2
          test_ratio: 0.1
          seed: 42
    outs:
    - path: data/dataset_split_box
      hash: md5
      md5: 4f242d714abd434815e16d262f62ee5c.dir
      size: 3807250
      nfiles: 26
  augment_box:
    cmd: python src/data/augment.py --input data/dataset_split_box/train 
      --output data/dataset_train_final_box --type box
    deps:
    - path: data/dataset_split_box/train
      hash: md5
      md5: 7a521f81f8b7da5b8b09d80895824b3e.dir
      size: 2198539
      nfiles: 15
    - path: src/data/augment.py
      hash: md5
      md5: ec107f83c0410206702b58e27f35bd69
      size: 5413
    params:
      params.yaml:
        augment.box:
          target_per_class: 50
          aug_params:
            rotate_limit: 15
            p_rotate: 0.5
            p_vertical_flip: 0.0
            p_horizontal_flip: 0.5
            p_brightness: 0.2
            shift_limit: 0.05
            scale_limit: 0.1
            perspective_scale: 0.1
    outs:
    - path: data/dataset_train_final_box
      hash: md5
      md5: e298ea156990c685b042bf3c2e07c196.dir
      size: 33420145
      nfiles: 209
  train_box:
    cmd: python src/train.py --train_dir data/dataset_train_final_box --val_dir 
      data/dataset_split_box/val --output_dir experiments/arcface_lite_v1/box 
      --type box
    deps:
    - path: data/dataset_split_box/val
      hash: md5
      md5: cc42289d8553d99e1dbd64e57e84cd3b.dir
      size: 1011702
      nfiles: 7
    - path: data/dataset_train_final_box
      hash: md5
      md5: e298ea156990c685b042bf3c2e07c196.dir
      size: 33420145
      nfiles: 209
    - path: src/train.py
      hash: md5
      md5: b98a753023dee3bc6ec441fb4a25cf3d
      size: 5398
    params:
      params.yaml:
        train.box:
          model_name: convnext_small
          img_size: 224
          batch_size: 16
          epochs: 1
          lr: 0.0001
          weight_decay: 0.0001
          dropout: 0.5
          embed_dim: 512
          focal:
            gamma: 2.0
            alpha: 0.25
          seed: 42
          num_workers: 0
    outs:
    - path: experiments/arcface_lite_v1/box
      hash: md5
      md5: cc9eeb91d94dac9f306f673b09c9b963.dir
      size: 199561939
      nfiles: 2
